
Microsoft Visual Studio Solution File, Format Version 12.00
# Visual Studio Version 16
VisualStudioVersion = 16.0.31702.278
MinimumVisualStudioVersion = 10.0.40219.1
Project("{FAE04EC0-301F-11D3-BF4B-00C04F79EFBC}") = "AddressBookUc2Day9", "AddressBookUc2Day9.csproj", "{FD9108EF-B9C2-467E-99D1-3036F03427E8}"
EndProject
Global
	GlobalSection(SolutionConfigurationPlatforms) = preSolution
		Debug|Any CPU = Debug|Any CPU
		Release|Any CPU = Release|Any CPU
	EndGlobalSection
	GlobalSection(ProjectConfigurationPlatforms) = postSolution
		{FD9108EF-B9C2-467E-99D1-3036F03427E8}.Debug|Any CPU.ActiveCfg = Debug|Any CPU
		{FD9108EF-B9C2-467E-99D1-3036F03427E8}.Debug|Any CPU.Build.0 = Debug|Any CPU
		{FD9108EF-B9C2-467E-99D1-3036F03427E8}.Release|Any CPU.ActiveCfg = Release|Any CPU
		{FD9108EF-B9C2-467E-99D1-3036F03427E8}.Release|Any CPU.Build.0 = Release|Any CPU
	EndGlobalSection
	GlobalSection(SolutionProperties) = preSolution
		HideSolutionNode = FALSE
	EndGlobalSection
	GlobalSection(ExtensibilityGlobals) = postSolution
		SolutionGuid = {010B4A69-CCA8-4CEC-AAF7-C185D452186C}
	EndGlobalSection
EndGlobal
