
Microsoft Visual Studio Solution File, Format Version 12.00
# Visual Studio Version 16
VisualStudioVersion = 16.0.31702.278
MinimumVisualStudioVersion = 10.0.40219.1
Project("{FAE04EC0-301F-11D3-BF4B-00C04F79EFBC}") = "AddressBookUc3Day9", "AddressBookUc3Day9.csproj", "{F5688774-F392-42CD-BECC-DCB65E722710}"
EndProject
Global
	GlobalSection(SolutionConfigurationPlatforms) = preSolution
		Debug|Any CPU = Debug|Any CPU
		Release|Any CPU = Release|Any CPU
	EndGlobalSection
	GlobalSection(ProjectConfigurationPlatforms) = postSolution
		{F5688774-F392-42CD-BECC-DCB65E722710}.Debug|Any CPU.ActiveCfg = Debug|Any CPU
		{F5688774-F392-42CD-BECC-DCB65E722710}.Debug|Any CPU.Build.0 = Debug|Any CPU
		{F5688774-F392-42CD-BECC-DCB65E722710}.Release|Any CPU.ActiveCfg = Release|Any CPU
		{F5688774-F392-42CD-BECC-DCB65E722710}.Release|Any CPU.Build.0 = Release|Any CPU
	EndGlobalSection
	GlobalSection(SolutionProperties) = preSolution
		HideSolutionNode = FALSE
	EndGlobalSection
	GlobalSection(ExtensibilityGlobals) = postSolution
		SolutionGuid = {0965722A-7880-4741-9E5A-0D014889448D}
	EndGlobalSection
EndGlobal
